# Generated by buf. DO NOT EDIT.
version: v2
deps:
  - name: buf.build/cncf/xds
    commit: 96f1d5218fab4222b47a0102fe6e105a
    digest: b5:00722ea7fd07aba43098d1187bb74bfe9758d0412dfc198eef76396336e488087c4f3b47e4e59008bb38d7970b06dc6029476fc9794b39ba1dbb50ef3e5e7adb
  - name: buf.build/envoyproxy/envoy
    commit: 9d5da653c60c485ab1dd56aeb908e271
    digest: b5:95d5ef265f12bb039bb9dc1e8ec45e94150b024a5b0dc362a0fb466ecce86522a8343dab81f5110bdf64f18d0badce8061d438e50d700f7a6ce6fbc342900a8d
  - name: buf.build/envoyproxy/protoc-gen-validate
    commit: daf171c6cdb54629b5f51e345a79e4dd
    digest: b5:c745e1521879f43740230b1df673d0729f55704efefdcfc489d4a0a2d40c92a26cacfeab62813403040a8b180142d53b398c7ca784a065e43823605ee49681de
  - name: buf.build/google/cel-spec
    commit: 162ae912c68d415fb43393c9403f641b
    digest: b5:f4afb031d2c5298b030e8198aa395aba14bcbf1ece62287c25e9b12d3ef3e8df772ff0a95a1b25d751fb7d6a1c467926d341da49c90a150ba92d974b0bfb5a88
  - name: buf.build/googleapis/googleapis
    commit: 751cbe31638d43a9bfb6162cd2352e67
    digest: b5:51ba5c31f244fd74420f0e66d13f2b5dd6024dcfe1a29dc45bd8f6e61c1444c828b9add9e7dd25a4513ebbee8097a970e0712a2e2cd955c2d60cf8905204f51a
  - name: buf.build/opentelemetry/opentelemetry
    commit: 6454adb4e03c40409ad9f760ef7b5b66
    digest: b5:fdca001f2b3ac25a8a0b5abe82be844fdb8fb2eee406c6dd706ec7625129bd08f4f3b92f4a6743612ead15ec346ef0afe997da45e6923389b05829a4ff42a045
  - name: buf.build/prometheus/client-model
    commit: e171c0b235c546d5a9a597c2961bd357
    digest: b5:c26899a8592079d1f0cc168dee57c70df022d07c450ad0560fac8a1c6b5b9f73cbc6c44a21a67afbeb32e1e2127cf02c4e7f34368c8685a33b56bd936ea4273e
